
Microsoft Visual Studio Solution File, Format Version 12.00
# Visual Studio Version 17
VisualStudioVersion = 17.1.32228.430
MinimumVisualStudioVersion = 10.0.40219.1
Project("{FAE04EC0-301F-11D3-BF4B-00C04F79EFBC}") = "M6L4", "M6L4\M6L4.csproj", "{D73D0958-D777-47EA-9BAB-93BF7A434640}"
	ProjectSection(ProjectDependencies) = postProject
		{8A0A18B0-C17A-468C-A3A4-1363AE0BE8CC} = {8A0A18B0-C17A-468C-A3A4-1363AE0BE8CC}
	EndProjectSection
EndProject
Project("{FAE04EC0-301F-11D3-BF4B-00C04F79EFBC}") = "M6L4.Core", "M6L4.Core\M6L4.Core.csproj", "{8A0A18B0-C17A-468C-A3A4-1363AE0BE8CC}"
EndProject
Global
	GlobalSection(SolutionConfigurationPlatforms) = preSolution
		Debug|Any CPU = Debug|Any CPU
		Release|Any CPU = Release|Any CPU
	EndGlobalSection
	GlobalSection(ProjectConfigurationPlatforms) = postSolution
		{D73D0958-D777-47EA-9BAB-93BF7A434640}.Debug|Any CPU.ActiveCfg = Debug|Any CPU
		{D73D0958-D777-47EA-9BAB-93BF7A434640}.Debug|Any CPU.Build.0 = Debug|Any CPU
		{D73D0958-D777-47EA-9BAB-93BF7A434640}.Release|Any CPU.ActiveCfg = Release|Any CPU
		{D73D0958-D777-47EA-9BAB-93BF7A434640}.Release|Any CPU.Build.0 = Release|Any CPU
		{8A0A18B0-C17A-468C-A3A4-1363AE0BE8CC}.Debug|Any CPU.ActiveCfg = Debug|Any CPU
		{8A0A18B0-C17A-468C-A3A4-1363AE0BE8CC}.Debug|Any CPU.Build.0 = Debug|Any CPU
		{8A0A18B0-C17A-468C-A3A4-1363AE0BE8CC}.Release|Any CPU.ActiveCfg = Release|Any CPU
		{8A0A18B0-C17A-468C-A3A4-1363AE0BE8CC}.Release|Any CPU.Build.0 = Release|Any CPU
	EndGlobalSection
	GlobalSection(SolutionProperties) = preSolution
		HideSolutionNode = FALSE
	EndGlobalSection
	GlobalSection(ExtensibilityGlobals) = postSolution
		SolutionGuid = {F8BA9BCA-FC40-41E0-AE83-02F794515626}
	EndGlobalSection
EndGlobal
